{
  "originHash" : "faf35abecd3f133cac2c1791ac528437375a29e609489d8d8a8fe57147e65873",
  "pins" : [
    {
      "identity" : "puppy",
      "kind" : "remoteSourceControl",
      "location" : "https://github.com/sushichop/Puppy.git",
      "state" : {
        "revision" : "b5af02a72a5a1f92a68e6eceee19cac804067ad9",
        "version" : "0.7.0"
      }
    },
    {
      "identity" : "swift-log",
      "kind" : "remoteSourceControl",
      "location" : "https://github.com/apple/swift-log.git",
      "state" : {
        "revision" : "e97a6fcb1ab07462881ac165fdbb37f067e205d5",
        "version" : "1.5.4"
      }
    }
  ],
  "version" : 3
}
